
Microsoft Visual Studio Solution File, Format Version 12.00
# Visual Studio Version 17
VisualStudioVersion = 17.2.32526.322
MinimumVisualStudioVersion = 10.0.40219.1
Project("{FAE04EC0-301F-11D3-BF4B-00C04F79EFBC}") = "ExcelConverter", "ExcelConverter\ExcelConverter.csproj", "{05FF43E0-E57E-4C0F-ADE6-A675C160D053}"
EndProject
Global
	GlobalSection(SolutionConfigurationPlatforms) = preSolution
		Debug|Any CPU = Debug|Any CPU
		Release|Any CPU = Release|Any CPU
	EndGlobalSection
	GlobalSection(ProjectConfigurationPlatforms) = postSolution
		{05FF43E0-E57E-4C0F-ADE6-A675C160D053}.Debug|Any CPU.ActiveCfg = Release|Any CPU
		{05FF43E0-E57E-4C0F-ADE6-A675C160D053}.Release|Any CPU.ActiveCfg = Release|Any CPU
		{05FF43E0-E57E-4C0F-ADE6-A675C160D053}.Release|Any CPU.Build.0 = Release|Any CPU
	EndGlobalSection
	GlobalSection(SolutionProperties) = preSolution
		HideSolutionNode = FALSE
	EndGlobalSection
	GlobalSection(ExtensibilityGlobals) = postSolution
		SolutionGuid = {FFA20B1C-142E-49B6-8D8A-D6F32A19083F}
	EndGlobalSection
EndGlobal
